<Solution>
  <Project Path="HackerNews.Api/HackerNews.Api.csproj" />
  <Project Path="HackerNews.Application/HackerNews.Application.csproj">
    <Build Solution="Debug|*" Project="false" />
  </Project>
  <Project Path="HackerNews.Infrastructure/HackerNews.Infrastructure.csproj">
    <Build Solution="Debug|*" Project="false" />
  </Project>
  <Project Path="HackerNews.Tests/HackerNews.Tests.csproj">
    <Build Solution="Debug|*" Project="false" />
  </Project>
</Solution>
